
Microsoft Visual Studio Solution File, Format Version 12.00
# Visual Studio Version 17
VisualStudioVersion = 17.10.35122.118
MinimumVisualStudioVersion = 10.0.40219.1
Project("{FAE04EC0-301F-11D3-BF4B-00C04F79EFBC}") = "BulkyBookStore", "BulkyBookStore\BulkyBookStore.csproj", "{CCBA5F8C-C972-47DD-A0E3-5461DE820FC2}"
EndProject
Global
	GlobalSection(SolutionConfigurationPlatforms) = preSolution
		Debug|Any CPU = Debug|Any CPU
		Release|Any CPU = Release|Any CPU
	EndGlobalSection
	GlobalSection(ProjectConfigurationPlatforms) = postSolution
		{CCBA5F8C-C972-47DD-A0E3-5461DE820FC2}.Debug|Any CPU.ActiveCfg = Debug|Any CPU
		{CCBA5F8C-C972-47DD-A0E3-5461DE820FC2}.Debug|Any CPU.Build.0 = Debug|Any CPU
		{CCBA5F8C-C972-47DD-A0E3-5461DE820FC2}.Release|Any CPU.ActiveCfg = Release|Any CPU
		{CCBA5F8C-C972-47DD-A0E3-5461DE820FC2}.Release|Any CPU.Build.0 = Release|Any CPU
	EndGlobalSection
	GlobalSection(SolutionProperties) = preSolution
		HideSolutionNode = FALSE
	EndGlobalSection
	GlobalSection(ExtensibilityGlobals) = postSolution
		SolutionGuid = {D7D9F459-7388-4FED-962E-5DF4491B3856}
	EndGlobalSection
EndGlobal
